github.com/pschlump/go-colorable v0.0.22 h1:TDWqizpzKbKIYVazTqzjqIeNhRkqcjiDWEg2bf77DSs=
github.com/pschlump/go-colorable v0.0.22/go.mod h1:apIdzWy0G288QcNSRRBUzEIQX5YO7VwqlOtX2b/AMCg=
github.com/pschlump/go-isatty v0.0.22 h1:RLvML5xPE8XQXvqs5B8mcm1ZQ5TaqxlTTCIICkhjQzE=
github.com/pschlump/go-isatty v0.0.22/go.mod h1:SwewGrDOVrhqmT2eq4sSngeOYBPAGIwf387q/k3n6fY=
golang.org/x/sys v0.6.0 h1:MVltZSvRTcU2ljQOhs94SXPftV6DCNnZViHeQps87pQ=
golang.org/x/sys v0.6.0/go.mod h1:oPkhp1MJrh7nUepCBck5+mAzfO9JrbApNNgaTdGDITg=
